// !$*UTF8*$!
{
	archiveVersion = 1;
	classes = {
	};
	objectVersion = 56;
	objects = {

/* Begin PBXBuildFile section */
		BC10FBDCDD233A7442A03E70 /* Pods_TWSCardio.framework in Frameworks */ = {isa = PBXBuildFile; fileRef = F6C24702A8DF75CA4D5B93D7 /* Pods_TWSCardio.framework */; };
		D0383B9D2C607BD5000E14B8 /* EarCardioApplicationDemoApp.swift in Sources */ = {isa = PBXBuildFile; fileRef = D0383B9C2C607BD5000E14B8 /* EarCardioApplicationDemoApp.swift */; };
		D0383B9F2C607BD5000E14B8 /* DevViewController.swift in Sources */ = {isa = PBXBuildFile; fileRef = D0383B9E2C607BD5000E14B8 /* DevViewController.swift */; };
		D0383BA12C607BD6000E14B8 /* Assets.xcassets in Resources */ = {isa = PBXBuildFile; fileRef = D0383BA02C607BD6000E14B8 /* Assets.xcassets */; };
		D0383BA42C607BD6000E14B8 /* Preview Assets.xcassets in Resources */ = {isa = PBXBuildFile; fileRef = D0383BA32C607BD6000E14B8 /* Preview Assets.xcassets */; };
		D0383BAE2C60B3FD000E14B8 /* AppDelegate.swift in Sources */ = {isa = PBXBuildFile; fileRef = D0383BAD2C60B3FD000E14B8 /* AppDelegate.swift */; };
		D0383BB02C60B430000E14B8 /* SceneDelegate.swift in Sources */ = {isa = PBXBuildFile; fileRef = D0383BAF2C60B430000E14B8 /* SceneDelegate.swift */; };
		D0383BB22C60B4C1000E14B8 /* AlertViews.swift in Sources */ = {isa = PBXBuildFile; fileRef = D0383BB12C60B4C1000E14B8 /* AlertViews.swift */; };
		D0383BB42C60B4E1000E14B8 /* CSVWriter.swift in Sources */ = {isa = PBXBuildFile; fileRef = D0383BB32C60B4E1000E14B8 /* CSVWriter.swift */; };
		D0383BB62C60B62C000E14B8 /* TopViewController.swift in Sources */ = {isa = PBXBuildFile; fileRef = D0383BB52C60B62C000E14B8 /* TopViewController.swift */; };
/* End PBXBuildFile section */

/* Begin PBXFileReference section */
		B2F6747ABDCE6020DAD40814 /* Pods-TWSCardio.xcconfig */ = {isa = PBXFileReference; includeInIndex = 1; lastKnownFileType = text.xcconfig; name = "Pods-TWSCardio.xcconfig"; path = "Target Support Files/Pods-EarCardioApplicationDemo/Pods-TWSCardio.xcconfig"; sourceTree = "<group>"; };
		D0383B992C607BD5000E14B8 /* TWSCardio.app */ = {isa = PBXFileReference; explicitFileType = wrapper.application; includeInIndex = 0; path = TWSCardio.app; sourceTree = BUILT_PRODUCTS_DIR; };
		D0383B9C2C607BD5000E14B8 /* EarCardioApplicationDemoApp.swift */ = {isa = PBXFileReference; lastKnownFileType = sourcecode.swift; path = EarCardioApplicationDemoApp.swift; sourceTree = "<group>"; };
		D0383B9E2C607BD5000E14B8 /* DevViewController.swift */ = {isa = PBXFileReference; lastKnownFileType = sourcecode.swift; path = DevViewController.swift; sourceTree = "<group>"; };
		D0383BA02C607BD6000E14B8 /* Assets.xcassets */ = {isa = PBXFileReference; lastKnownFileType = folder.assetcatalog; path = Assets.xcassets; sourceTree = "<group>"; };
		D0383BA32C607BD6000E14B8 /* Preview Assets.xcassets */ = {isa = PBXFileReference; lastKnownFileType = folder.assetcatalog; path = "Preview Assets.xcassets"; sourceTree = "<group>"; };
		D0383BAA2C607D3D000E14B8 /* Info.plist */ = {isa = PBXFileReference; lastKnownFileType = text.plist.xml; path = Info.plist; sourceTree = "<group>"; };
		D0383BAD2C60B3FD000E14B8 /* AppDelegate.swift */ = {isa = PBXFileReference; lastKnownFileType = sourcecode.swift; path = AppDelegate.swift; sourceTree = "<group>"; };
		D0383BAF2C60B430000E14B8 /* SceneDelegate.swift */ = {isa = PBXFileReference; lastKnownFileType = sourcecode.swift; path = SceneDelegate.swift; sourceTree = "<group>"; };
		D0383BB12C60B4C1000E14B8 /* AlertViews.swift */ = {isa = PBXFileReference; lastKnownFileType = sourcecode.swift; path = AlertViews.swift; sourceTree = "<group>"; };
		D0383BB32C60B4E1000E14B8 /* CSVWriter.swift */ = {isa = PBXFileReference; lastKnownFileType = sourcecode.swift; path = CSVWriter.swift; sourceTree = "<group>"; };
		D0383BB52C60B62C000E14B8 /* TopViewController.swift */ = {isa = PBXFileReference; lastKnownFileType = sourcecode.swift; path = TopViewController.swift; sourceTree = "<group>"; };
		D47BADF4890373B49DC0A466 /* Pods-TWSCardio.debug.xcconfig */ = {isa = PBXFileReference; includeInIndex = 1; lastKnownFileType = text.xcconfig; name = "Pods-TWSCardio.debug.xcconfig"; path = "Target Support Files/Pods-TWSCardio/Pods-TWSCardio.debug.xcconfig"; sourceTree = "<group>"; };
		F6C24702A8DF75CA4D5B93D7 /* Pods_TWSCardio.framework */ = {isa = PBXFileReference; explicitFileType = wrapper.framework; includeInIndex = 0; path = Pods_TWSCardio.framework; sourceTree = BUILT_PRODUCTS_DIR; };
		FC768AE77F2111A68F292DF0 /* Pods-TWSCardio.xcconfig */ = {isa = PBXFileReference; includeInIndex = 1; lastKnownFileType = text.xcconfig; name = "Pods-TWSCardio.xcconfig"; path = "Target Support Files/Pods-EarCardioApplicationDemo/Pods-TWSCardio.xcconfig"; sourceTree = "<group>"; };
		FDEC5B3C580CDC686AF560C4 /* Pods-TWSCardio.release.xcconfig */ = {isa = PBXFileReference; includeInIndex = 1; lastKnownFileType = text.xcconfig; name = "Pods-TWSCardio.release.xcconfig"; path = "Target Support Files/Pods-TWSCardio/Pods-TWSCardio.release.xcconfig"; sourceTree = "<group>"; };
/* End PBXFileReference section */

/* Begin PBXFrameworksBuildPhase section */
		D0383B962C607BD5000E14B8 /* Frameworks */ = {
			isa = PBXFrameworksBuildPhase;
			buildActionMask = 2147483647;
			files = (
				BC10FBDCDD233A7442A03E70 /* Pods_TWSCardio.framework in Frameworks */,
			);
			runOnlyForDeploymentPostprocessing = 0;
		};
/* End PBXFrameworksBuildPhase section */

/* Begin PBXGroup section */
		AACE60E95FEE4DE0955645ED /* Frameworks */ = {
			isa = PBXGroup;
			children = (
				F6C24702A8DF75CA4D5B93D7 /* Pods_TWSCardio.framework */,
			);
			name = Frameworks;
			sourceTree = "<group>";
		};
		C2E6843CA40E5E4312315BED /* Pods */ = {
			isa = PBXGroup;
			children = (
				FC768AE77F2111A68F292DF0 /* Pods-TWSCardio.xcconfig */,
				B2F6747ABDCE6020DAD40814 /* Pods-TWSCardio.xcconfig */,
				D47BADF4890373B49DC0A466 /* Pods-TWSCardio.debug.xcconfig */,
				FDEC5B3C580CDC686AF560C4 /* Pods-TWSCardio.release.xcconfig */,
			);
			path = Pods;
			sourceTree = "<group>";
		};
		D0383B902C607BD5000E14B8 = {
			isa = PBXGroup;
			children = (
				D0383B9B2C607BD5000E14B8 /* TWSCardio */,
				D0383B9A2C607BD5000E14B8 /* Products */,
				C2E6843CA40E5E4312315BED /* Pods */,
				AACE60E95FEE4DE0955645ED /* Frameworks */,
			);
			sourceTree = "<group>";
		};
		D0383B9A2C607BD5000E14B8 /* Products */ = {
			isa = PBXGroup;
			children = (
				D0383B992C607BD5000E14B8 /* TWSCardio.app */,
			);
			name = Products;
			sourceTree = "<group>";
		};
		D0383B9B2C607BD5000E14B8 /* TWSCardio */ = {
			isa = PBXGroup;
			children = (
				D0383B9C2C607BD5000E14B8 /* EarCardioApplicationDemoApp.swift */,
				D0383BB52C60B62C000E14B8 /* TopViewController.swift */,
				D0383B9E2C607BD5000E14B8 /* DevViewController.swift */,
				D0383BA02C607BD6000E14B8 /* Assets.xcassets */,
				D0383BAC2C60B39D000E14B8 /* Supporting Files */,
				D0383BA22C607BD6000E14B8 /* Preview Content */,
				D0383BAA2C607D3D000E14B8 /* Info.plist */,
			);
			path = TWSCardio;
			sourceTree = "<group>";
		};
		D0383BA22C607BD6000E14B8 /* Preview Content */ = {
			isa = PBXGroup;
			children = (
				D0383BA32C607BD6000E14B8 /* Preview Assets.xcassets */,
			);
			path = "Preview Content";
			sourceTree = "<group>";
		};
		D0383BAC2C60B39D000E14B8 /* Supporting Files */ = {
			isa = PBXGroup;
			children = (
				D0383BAD2C60B3FD000E14B8 /* AppDelegate.swift */,
				D0383BAF2C60B430000E14B8 /* SceneDelegate.swift */,
				D0383BB12C60B4C1000E14B8 /* AlertViews.swift */,
				D0383BB32C60B4E1000E14B8 /* CSVWriter.swift */,
			);
			path = "Supporting Files";
			sourceTree = "<group>";
		};
/* End PBXGroup section */

/* Begin PBXNativeTarget section */
		D0383B982C607BD5000E14B8 /* TWSCardio */ = {
			isa = PBXNativeTarget;
			buildConfigurationList = D0383BA72C607BD6000E14B8 /* Build configuration list for PBXNativeTarget "TWSCardio" */;
			buildPhases = (
				5185EB67CEA3D639D68149E6 /* [CP] Check Pods Manifest.lock */,
				D0383B952C607BD5000E14B8 /* Sources */,
				D0383B962C607BD5000E14B8 /* Frameworks */,
				D0383B972C607BD5000E14B8 /* Resources */,
				6FAEB3E8C4EC55F5E5E16245 /* [CP] Embed Pods Frameworks */,
			);
			buildRules = (
			);
			dependencies = (
			);
			name = TWSCardio;
			productName = EarCardioApplicationDemo;
			productReference = D0383B992C607BD5000E14B8 /* TWSCardio.app */;
			productType = "com.apple.product-type.application";
		};
/* End PBXNativeTarget section */

/* Begin PBXProject section */
		D0383B912C607BD5000E14B8 /* Project object */ = {
			isa = PBXProject;
			attributes = {
				BuildIndependentTargetsInParallel = 1;
				LastSwiftUpdateCheck = 1540;
				LastUpgradeCheck = 1540;
				TargetAttributes = {
					D0383B982C607BD5000E14B8 = {
						CreatedOnToolsVersion = 15.4;
					};
				};
			};
			buildConfigurationList = D0383B942C607BD5000E14B8 /* Build configuration list for PBXProject "TWSCardio" */;
			compatibilityVersion = "Xcode 14.0";
			developmentRegion = en;
			hasScannedForEncodings = 0;
			knownRegions = (
				en,
				Base,
			);
			mainGroup = D0383B902C607BD5000E14B8;
			productRefGroup = D0383B9A2C607BD5000E14B8 /* Products */;
			projectDirPath = "";
			projectRoot = "";
			targets = (
				D0383B982C607BD5000E14B8 /* TWSCardio */,
			);
		};
/* End PBXProject section */

/* Begin PBXResourcesBuildPhase section */
		D0383B972C607BD5000E14B8 /* Resources */ = {
			isa = PBXResourcesBuildPhase;
			buildActionMask = 2147483647;
			files = (
				D0383BA42C607BD6000E14B8 /* Preview Assets.xcassets in Resources */,
				D0383BA12C607BD6000E14B8 /* Assets.xcassets in Resources */,
			);
			runOnlyForDeploymentPostprocessing = 0;
		};
/* End PBXResourcesBuildPhase section */

/* Begin PBXShellScriptBuildPhase section */
		5185EB67CEA3D639D68149E6 /* [CP] Check Pods Manifest.lock */ = {
			isa = PBXShellScriptBuildPhase;
			buildActionMask = 2147483647;
			files = (
			);
			inputFileListPaths = (
			);
			inputPaths = (
				"${PODS_PODFILE_DIR_PATH}/Podfile.lock",
				"${PODS_ROOT}/Manifest.lock",
			);
			name = "[CP] Check Pods Manifest.lock";
			outputFileListPaths = (
			);
			outputPaths = (
				"$(DERIVED_FILE_DIR)/Pods-TWSCardio-checkManifestLockResult.txt",
			);
			runOnlyForDeploymentPostprocessing = 0;
			shellPath = /bin/sh;
			shellScript = "diff \"${PODS_PODFILE_DIR_PATH}/Podfile.lock\" \"${PODS_ROOT}/Manifest.lock\" > /dev/null\nif [ $? != 0 ] ; then\n    # print error to STDERR\n    echo \"error: The sandbox is not in sync with the Podfile.lock. Run 'pod install' or update your CocoaPods installation.\" >&2\n    exit 1\nfi\n# This output is used by Xcode 'outputs' to avoid re-running this script phase.\necho \"SUCCESS\" > \"${SCRIPT_OUTPUT_FILE_0}\"\n";
			showEnvVarsInLog = 0;
		};
		6FAEB3E8C4EC55F5E5E16245 /* [CP] Embed Pods Frameworks */ = {
			isa = PBXShellScriptBuildPhase;
			buildActionMask = 2147483647;
			files = (
			);
			inputFileListPaths = (
				"${PODS_ROOT}/Target Support Files/Pods-TWSCardio/Pods-TWSCardio-frameworks-${CONFIGURATION}-input-files.xcfilelist",
			);
			name = "[CP] Embed Pods Frameworks";
			outputFileListPaths = (
				"${PODS_ROOT}/Target Support Files/Pods-TWSCardio/Pods-TWSCardio-frameworks-${CONFIGURATION}-output-files.xcfilelist",
			);
			runOnlyForDeploymentPostprocessing = 0;
			shellPath = /bin/sh;
			shellScript = "\"${PODS_ROOT}/Target Support Files/Pods-TWSCardio/Pods-TWSCardio-frameworks.sh\"\n";
			showEnvVarsInLog = 0;
		};
/* End PBXShellScriptBuildPhase section */

/* Begin PBXSourcesBuildPhase section */
		D0383B952C607BD5000E14B8 /* Sources */ = {
			isa = PBXSourcesBuildPhase;
			buildActionMask = 2147483647;
			files = (
				D0383BAE2C60B3FD000E14B8 /* AppDelegate.swift in Sources */,
				D0383B9F2C607BD5000E14B8 /* DevViewController.swift in Sources */,
				D0383BB22C60B4C1000E14B8 /* AlertViews.swift in Sources */,
				D0383BB42C60B4E1000E14B8 /* CSVWriter.swift in Sources */,
				D0383B9D2C607BD5000E14B8 /* EarCardioApplicationDemoApp.swift in Sources */,
				D0383BB02C60B430000E14B8 /* SceneDelegate.swift in Sources */,
				D0383BB62C60B62C000E14B8 /* TopViewController.swift in Sources */,
			);
			runOnlyForDeploymentPostprocessing = 0;
		};
/* End PBXSourcesBuildPhase section */

/* Begin XCBuildConfiguration section */
		D0383BA52C607BD6000E14B8 /* Debug */ = {
			isa = XCBuildConfiguration;
			buildSettings = {
				ALWAYS_SEARCH_USER_PATHS = NO;
				ASSETCATALOG_COMPILER_GENERATE_SWIFT_ASSET_SYMBOL_EXTENSIONS = YES;
				CLANG_ANALYZER_NONNULL = YES;
				CLANG_ANALYZER_NUMBER_OBJECT_CONVERSION = YES_AGGRESSIVE;
				CLANG_CXX_LANGUAGE_STANDARD = "gnu++20";
				CLANG_ENABLE_MODULES = YES;
				CLANG_ENABLE_OBJC_ARC = YES;
				CLANG_ENABLE_OBJC_WEAK = YES;
				CLANG_WARN_BLOCK_CAPTURE_AUTORELEASING = YES;
				CLANG_WARN_BOOL_CONVERSION = YES;
				CLANG_WARN_COMMA = YES;
				CLANG_WARN_CONSTANT_CONVERSION = YES;
				CLANG_WARN_DEPRECATED_OBJC_IMPLEMENTATIONS = YES;
				CLANG_WARN_DIRECT_OBJC_ISA_USAGE = YES_ERROR;
				CLANG_WARN_DOCUMENTATION_COMMENTS = YES;
				CLANG_WARN_EMPTY_BODY = YES;
				CLANG_WARN_ENUM_CONVERSION = YES;
				CLANG_WARN_INFINITE_RECURSION = YES;
				CLANG_WARN_INT_CONVERSION = YES;
				CLANG_WARN_NON_LITERAL_NULL_CONVERSION = YES;
				CLANG_WARN_OBJC_IMPLICIT_RETAIN_SELF = YES;
				CLANG_WARN_OBJC_LITERAL_CONVERSION = YES;
				CLANG_WARN_OBJC_ROOT_CLASS = YES_ERROR;
				CLANG_WARN_QUOTED_INCLUDE_IN_FRAMEWORK_HEADER = YES;
				CLANG_WARN_RANGE_LOOP_ANALYSIS = YES;
				CLANG_WARN_STRICT_PROTOTYPES = YES;
				CLANG_WARN_SUSPICIOUS_MOVE = YES;
				CLANG_WARN_UNGUARDED_AVAILABILITY = YES_AGGRESSIVE;
				CLANG_WARN_UNREACHABLE_CODE = YES;
				CLANG_WARN__DUPLICATE_METHOD_MATCH = YES;
				COPY_PHASE_STRIP = NO;
				DEBUG_INFORMATION_FORMAT = dwarf;
				ENABLE_STRICT_OBJC_MSGSEND = YES;
				ENABLE_TESTABILITY = YES;
				ENABLE_USER_SCRIPT_SANDBOXING = YES;
				GCC_C_LANGUAGE_STANDARD = gnu17;
				GCC_DYNAMIC_NO_PIC = NO;
				GCC_NO_COMMON_BLOCKS = YES;
				GCC_OPTIMIZATION_LEVEL = 0;
				GCC_PREPROCESSOR_DEFINITIONS = (
					"DEBUG=1",
					"$(inherited)",
				);
				GCC_WARN_64_TO_32_BIT_CONVERSION = YES;
				GCC_WARN_ABOUT_RETURN_TYPE = YES_ERROR;
				GCC_WARN_UNDECLARED_SELECTOR = YES;
				GCC_WARN_UNINITIALIZED_AUTOS = YES_AGGRESSIVE;
				GCC_WARN_UNUSED_FUNCTION = YES;
				GCC_WARN_UNUSED_VARIABLE = YES;
				IPHONEOS_DEPLOYMENT_TARGET = 17.0;
				LOCALIZATION_PREFERS_STRING_CATALOGS = YES;
				MTL_ENABLE_DEBUG_INFO = INCLUDE_SOURCE;
				MTL_FAST_MATH = YES;
				ONLY_ACTIVE_ARCH = YES;
				SDKROOT = iphoneos;
				SWIFT_ACTIVE_COMPILATION_CONDITIONS = "DEBUG $(inherited)";
				SWIFT_OPTIMIZATION_LEVEL = "-Onone";
			};
			name = Debug;
		};
		D0383BA62C607BD6000E14B8 /* Release */ = {
			isa = XCBuildConfiguration;
			buildSettings = {
				ALWAYS_SEARCH_USER_PATHS = NO;
				ASSETCATALOG_COMPILER_GENERATE_SWIFT_ASSET_SYMBOL_EXTENSIONS = YES;
				CLANG_ANALYZER_NONNULL = YES;
				CLANG_ANALYZER_NUMBER_OBJECT_CONVERSION = YES_AGGRESSIVE;
				CLANG_CXX_LANGUAGE_STANDARD = "gnu++20";
				CLANG_ENABLE_MODULES = YES;
				CLANG_ENABLE_OBJC_ARC = YES;
				CLANG_ENABLE_OBJC_WEAK = YES;
				CLANG_WARN_BLOCK_CAPTURE_AUTORELEASING = YES;
				CLANG_WARN_BOOL_CONVERSION = YES;
				CLANG_WARN_COMMA = YES;
				CLANG_WARN_CONSTANT_CONVERSION = YES;
				CLANG_WARN_DEPRECATED_OBJC_IMPLEMENTATIONS = YES;
				CLANG_WARN_DIRECT_OBJC_ISA_USAGE = YES_ERROR;
				CLANG_WARN_DOCUMENTATION_COMMENTS = YES;
				CLANG_WARN_EMPTY_BODY = YES;
				CLANG_WARN_ENUM_CONVERSION = YES;
				CLANG_WARN_INFINITE_RECURSION = YES;
				CLANG_WARN_INT_CONVERSION = YES;
				CLANG_WARN_NON_LITERAL_NULL_CONVERSION = YES;
				CLANG_WARN_OBJC_IMPLICIT_RETAIN_SELF = YES;
				CLANG_WARN_OBJC_LITERAL_CONVERSION = YES;
				CLANG_WARN_OBJC_ROOT_CLASS = YES_ERROR;
				CLANG_WARN_QUOTED_INCLUDE_IN_FRAMEWORK_HEADER = YES;
				CLANG_WARN_RANGE_LOOP_ANALYSIS = YES;
				CLANG_WARN_STRICT_PROTOTYPES = YES;
				CLANG_WARN_SUSPICIOUS_MOVE = YES;
				CLANG_WARN_UNGUARDED_AVAILABILITY = YES_AGGRESSIVE;
				CLANG_WARN_UNREACHABLE_CODE = YES;
				CLANG_WARN__DUPLICATE_METHOD_MATCH = YES;
				COPY_PHASE_STRIP = NO;
				DEBUG_INFORMATION_FORMAT = "dwarf-with-dsym";
				ENABLE_NS_ASSERTIONS = NO;
				ENABLE_STRICT_OBJC_MSGSEND = YES;
				ENABLE_USER_SCRIPT_SANDBOXING = YES;
				GCC_C_LANGUAGE_STANDARD = gnu17;
				GCC_NO_COMMON_BLOCKS = YES;
				GCC_WARN_64_TO_32_BIT_CONVERSION = YES;
				GCC_WARN_ABOUT_RETURN_TYPE = YES_ERROR;
				GCC_WARN_UNDECLARED_SELECTOR = YES;
				GCC_WARN_UNINITIALIZED_AUTOS = YES_AGGRESSIVE;
				GCC_WARN_UNUSED_FUNCTION = YES;
				GCC_WARN_UNUSED_VARIABLE = YES;
				IPHONEOS_DEPLOYMENT_TARGET = 17.0;
				LOCALIZATION_PREFERS_STRING_CATALOGS = YES;
				MTL_ENABLE_DEBUG_INFO = NO;
				MTL_FAST_MATH = YES;
				SDKROOT = iphoneos;
				SWIFT_COMPILATION_MODE = wholemodule;
				VALIDATE_PRODUCT = YES;
			};
			name = Release;
		};
		D0383BA82C607BD6000E14B8 /* Debug */ = {
			isa = XCBuildConfiguration;
			baseConfigurationReference = D47BADF4890373B49DC0A466 /* Pods-TWSCardio.debug.xcconfig */;
			buildSettings = {
				ASSETCATALOG_COMPILER_APPICON_NAME = AppIcon;
				ASSETCATALOG_COMPILER_GLOBAL_ACCENT_COLOR_NAME = AccentColor;
				CODE_SIGN_STYLE = Automatic;
				CURRENT_PROJECT_VERSION = 1;
				DEVELOPMENT_ASSET_PATHS = "\"TWSCardio/Preview Content\"";
				DEVELOPMENT_TEAM = GLJCAA7S9X;
				ENABLE_PREVIEWS = YES;
				ENABLE_USER_SCRIPT_SANDBOXING = NO;
				GENERATE_INFOPLIST_FILE = YES;
				INFOPLIST_FILE = TWSCardio/Info.plist;
				INFOPLIST_KEY_CFBundleDisplayName = TWSCardio;
				INFOPLIST_KEY_UIApplicationSceneManifest_Generation = NO;
				INFOPLIST_KEY_UIApplicationSupportsIndirectInputEvents = YES;
				INFOPLIST_KEY_UILaunchScreen_Generation = YES;
				INFOPLIST_KEY_UISupportedInterfaceOrientations_iPad = "UIInterfaceOrientationPortrait UIInterfaceOrientationPortraitUpsideDown UIInterfaceOrientationLandscapeLeft UIInterfaceOrientationLandscapeRight";
				INFOPLIST_KEY_UISupportedInterfaceOrientations_iPhone = "UIInterfaceOrientationPortrait UIInterfaceOrientationLandscapeLeft UIInterfaceOrientationLandscapeRight";
				INFOPLIST_PREPROCESS = YES;
				IPHONEOS_DEPLOYMENT_TARGET = 17.0;
				LD_RUNPATH_SEARCH_PATHS = (
					"$(inherited)",
					"@executable_path/Frameworks",
				);
				MARKETING_VERSION = 1.0;
				PRODUCT_BUNDLE_IDENTIFIER = com.ruyao.EarCardio.EarCardioApplicationDemo;
				PRODUCT_NAME = "$(TARGET_NAME)";
				SWIFT_EMIT_LOC_STRINGS = YES;
				SWIFT_VERSION = 5.0;
				TARGETED_DEVICE_FAMILY = 1;
			};
			name = Debug;
		};
		D0383BA92C607BD6000E14B8 /* Release */ = {
			isa = XCBuildConfiguration;
			baseConfigurationReference = FDEC5B3C580CDC686AF560C4 /* Pods-TWSCardio.release.xcconfig */;
			buildSettings = {
				ASSETCATALOG_COMPILER_APPICON_NAME = AppIcon;
				ASSETCATALOG_COMPILER_GLOBAL_ACCENT_COLOR_NAME = AccentColor;
				CODE_SIGN_STYLE = Automatic;
				CURRENT_PROJECT_VERSION = 1;
				DEVELOPMENT_ASSET_PATHS = "\"TWSCardio/Preview Content\"";
				DEVELOPMENT_TEAM = GLJCAA7S9X;
				ENABLE_PREVIEWS = YES;
				ENABLE_USER_SCRIPT_SANDBOXING = NO;
				GENERATE_INFOPLIST_FILE = YES;
				INFOPLIST_FILE = TWSCardio/Info.plist;
				INFOPLIST_KEY_CFBundleDisplayName = TWSCardio;
				INFOPLIST_KEY_UIApplicationSceneManifest_Generation = NO;
				INFOPLIST_KEY_UIApplicationSupportsIndirectInputEvents = YES;
				INFOPLIST_KEY_UILaunchScreen_Generation = YES;
				INFOPLIST_KEY_UISupportedInterfaceOrientations_iPad = "UIInterfaceOrientationPortrait UIInterfaceOrientationPortraitUpsideDown UIInterfaceOrientationLandscapeLeft UIInterfaceOrientationLandscapeRight";
				INFOPLIST_KEY_UISupportedInterfaceOrientations_iPhone = "UIInterfaceOrientationPortrait UIInterfaceOrientationLandscapeLeft UIInterfaceOrientationLandscapeRight";
				INFOPLIST_PREPROCESS = YES;
				IPHONEOS_DEPLOYMENT_TARGET = 17.0;
				LD_RUNPATH_SEARCH_PATHS = (
					"$(inherited)",
					"@executable_path/Frameworks",
				);
				MARKETING_VERSION = 1.0;
				PRODUCT_BUNDLE_IDENTIFIER = com.ruyao.EarCardio.EarCardioApplicationDemo;
				PRODUCT_NAME = "$(TARGET_NAME)";
				SWIFT_EMIT_LOC_STRINGS = YES;
				SWIFT_VERSION = 5.0;
				TARGETED_DEVICE_FAMILY = 1;
			};
			name = Release;
		};
/* End XCBuildConfiguration section */

/* Begin XCConfigurationList section */
		D0383B942C607BD5000E14B8 /* Build configuration list for PBXProject "TWSCardio" */ = {
			isa = XCConfigurationList;
			buildConfigurations = (
				D0383BA52C607BD6000E14B8 /* Debug */,
				D0383BA62C607BD6000E14B8 /* Release */,
			);
			defaultConfigurationIsVisible = 0;
			defaultConfigurationName = Release;
		};
		D0383BA72C607BD6000E14B8 /* Build configuration list for PBXNativeTarget "TWSCardio" */ = {
			isa = XCConfigurationList;
			buildConfigurations = (
				D0383BA82C607BD6000E14B8 /* Debug */,
				D0383BA92C607BD6000E14B8 /* Release */,
			);
			defaultConfigurationIsVisible = 0;
			defaultConfigurationName = Release;
		};
/* End XCConfigurationList section */
	};
	rootObject = D0383B912C607BD5000E14B8 /* Project object */;
}
